
Microsoft Visual Studio Solution File, Format Version 12.00
# Visual Studio Version 17
VisualStudioVersion = 17.10.34707.107
MinimumVisualStudioVersion = 10.0.40219.1
Project("{FAE04EC0-301F-11D3-BF4B-00C04F79EFBC}") = "Skillfy.Server", "Skillfy.Server\Skillfy.Server.csproj", "{65B4AB4B-3F8A-46DA-A12E-44047B8824A2}"
EndProject
Project("{54A90642-561A-4BB1-A94E-469ADEE60C69}") = "skillfy.client", "skillfy.client\skillfy.client.esproj", "{1688172E-4869-466B-AAAA-31989E3B7B6C}"
EndProject
Global
	GlobalSection(SolutionConfigurationPlatforms) = preSolution
		Debug|Any CPU = Debug|Any CPU
		Release|Any CPU = Release|Any CPU
	EndGlobalSection
	GlobalSection(ProjectConfigurationPlatforms) = postSolution
		{65B4AB4B-3F8A-46DA-A12E-44047B8824A2}.Debug|Any CPU.ActiveCfg = Debug|Any CPU
		{65B4AB4B-3F8A-46DA-A12E-44047B8824A2}.Debug|Any CPU.Build.0 = Debug|Any CPU
		{65B4AB4B-3F8A-46DA-A12E-44047B8824A2}.Release|Any CPU.ActiveCfg = Release|Any CPU
		{65B4AB4B-3F8A-46DA-A12E-44047B8824A2}.Release|Any CPU.Build.0 = Release|Any CPU
		{1688172E-4869-466B-AAAA-31989E3B7B6C}.Debug|Any CPU.ActiveCfg = Debug|Any CPU
		{1688172E-4869-466B-AAAA-31989E3B7B6C}.Debug|Any CPU.Build.0 = Debug|Any CPU
		{1688172E-4869-466B-AAAA-31989E3B7B6C}.Debug|Any CPU.Deploy.0 = Debug|Any CPU
		{1688172E-4869-466B-AAAA-31989E3B7B6C}.Release|Any CPU.ActiveCfg = Release|Any CPU
		{1688172E-4869-466B-AAAA-31989E3B7B6C}.Release|Any CPU.Build.0 = Release|Any CPU
		{1688172E-4869-466B-AAAA-31989E3B7B6C}.Release|Any CPU.Deploy.0 = Release|Any CPU
	EndGlobalSection
	GlobalSection(SolutionProperties) = preSolution
		HideSolutionNode = FALSE
	EndGlobalSection
	GlobalSection(ExtensibilityGlobals) = postSolution
		SolutionGuid = {D076B5D8-E267-4194-B98A-0220191FBDAC}
	EndGlobalSection
EndGlobal
